
Microsoft Visual Studio Solution File, Format Version 12.00
# Visual Studio 2013
VisualStudioVersion = 12.0.30501.0
MinimumVisualStudioVersion = 10.0.40219.1
Project("{FAE04EC0-301F-11D3-BF4B-00C04F79EFBC}") = "20153150_李慧_sy1_4", "20153150_李慧_sy1_4\20153150_李慧_sy1_4.csproj", "{4CE7E843-F4EB-4D01-B6FE-7F21B4D4E484}"
EndProject
Global
	GlobalSection(SolutionConfigurationPlatforms) = preSolution
		Debug|Any CPU = Debug|Any CPU
		Release|Any CPU = Release|Any CPU
	EndGlobalSection
	GlobalSection(ProjectConfigurationPlatforms) = postSolution
		{4CE7E843-F4EB-4D01-B6FE-7F21B4D4E484}.Debug|Any CPU.ActiveCfg = Debug|Any CPU
		{4CE7E843-F4EB-4D01-B6FE-7F21B4D4E484}.Debug|Any CPU.Build.0 = Debug|Any CPU
		{4CE7E843-F4EB-4D01-B6FE-7F21B4D4E484}.Release|Any CPU.ActiveCfg = Release|Any CPU
		{4CE7E843-F4EB-4D01-B6FE-7F21B4D4E484}.Release|Any CPU.Build.0 = Release|Any CPU
	EndGlobalSection
	GlobalSection(SolutionProperties) = preSolution
		HideSolutionNode = FALSE
	EndGlobalSection
EndGlobal
