
Microsoft Visual Studio Solution File, Format Version 12.00
# Visual Studio 2013
VisualStudioVersion = 12.0.30501.0
MinimumVisualStudioVersion = 10.0.40219.1
Project("{FAE04EC0-301F-11D3-BF4B-00C04F79EFBC}") = "20153150_李慧_sy3_2", "20153150_李慧_sy3_2\20153150_李慧_sy3_2.csproj", "{B37871FA-F902-46D7-A09C-76D5E8592F68}"
EndProject
Global
	GlobalSection(SolutionConfigurationPlatforms) = preSolution
		Debug|Any CPU = Debug|Any CPU
		Release|Any CPU = Release|Any CPU
	EndGlobalSection
	GlobalSection(ProjectConfigurationPlatforms) = postSolution
		{B37871FA-F902-46D7-A09C-76D5E8592F68}.Debug|Any CPU.ActiveCfg = Debug|Any CPU
		{B37871FA-F902-46D7-A09C-76D5E8592F68}.Debug|Any CPU.Build.0 = Debug|Any CPU
		{B37871FA-F902-46D7-A09C-76D5E8592F68}.Release|Any CPU.ActiveCfg = Release|Any CPU
		{B37871FA-F902-46D7-A09C-76D5E8592F68}.Release|Any CPU.Build.0 = Release|Any CPU
	EndGlobalSection
	GlobalSection(SolutionProperties) = preSolution
		HideSolutionNode = FALSE
	EndGlobalSection
EndGlobal
